
Microsoft Visual Studio Solution File, Format Version 12.00
# Visual Studio 14
VisualStudioVersion = 14.0.25420.1
MinimumVisualStudioVersion = 10.0.40219.1
Project("{FAE04EC0-301F-11D3-BF4B-00C04F79EFBC}") = "EVRCTest", "EVRCTest\EVRCTest.csproj", "{CFC0613F-B6EF-4B83-BB31-582AE1BD7E87}"
EndProject
Project("{8BC9CEB8-8B4A-11D0-8D11-00A0C91BC942}") = "CCS", "CCS\CCS.vcxproj", "{BD064827-5FE2-4F98-A937-CFEA4F4A4D24}"
EndProject
Project("{8BC9CEB8-8B4A-11D0-8D11-00A0C91BC942}") = "CCSTest", "CCSTest\CCSTest.vcxproj", "{812C6A1E-DC10-4DA9-8E36-79955E6E1273}"
EndProject
Project("{FAE04EC0-301F-11D3-BF4B-00C04F79EFBC}") = "EvrcService", "EvrcService\EvrcService.csproj", "{3B6802E4-523A-4103-9332-2794B6B08537}"
EndProject
Global
	GlobalSection(SolutionConfigurationPlatforms) = preSolution
		Debug|Any CPU = Debug|Any CPU
		Debug|x64 = Debug|x64
		Debug|x86 = Debug|x86
		Release|Any CPU = Release|Any CPU
		Release|x64 = Release|x64
		Release|x86 = Release|x86
	EndGlobalSection
	GlobalSection(ProjectConfigurationPlatforms) = postSolution
		{CFC0613F-B6EF-4B83-BB31-582AE1BD7E87}.Debug|Any CPU.ActiveCfg = Debug|Any CPU
		{CFC0613F-B6EF-4B83-BB31-582AE1BD7E87}.Debug|Any CPU.Build.0 = Debug|Any CPU
		{CFC0613F-B6EF-4B83-BB31-582AE1BD7E87}.Debug|x64.ActiveCfg = Debug|Any CPU
		{CFC0613F-B6EF-4B83-BB31-582AE1BD7E87}.Debug|x64.Build.0 = Debug|Any CPU
		{CFC0613F-B6EF-4B83-BB31-582AE1BD7E87}.Debug|x86.ActiveCfg = Debug|Any CPU
		{CFC0613F-B6EF-4B83-BB31-582AE1BD7E87}.Debug|x86.Build.0 = Debug|Any CPU
		{CFC0613F-B6EF-4B83-BB31-582AE1BD7E87}.Release|Any CPU.ActiveCfg = Release|Any CPU
		{CFC0613F-B6EF-4B83-BB31-582AE1BD7E87}.Release|Any CPU.Build.0 = Release|Any CPU
		{CFC0613F-B6EF-4B83-BB31-582AE1BD7E87}.Release|x64.ActiveCfg = Release|Any CPU
		{CFC0613F-B6EF-4B83-BB31-582AE1BD7E87}.Release|x64.Build.0 = Release|Any CPU
		{CFC0613F-B6EF-4B83-BB31-582AE1BD7E87}.Release|x86.ActiveCfg = Release|Any CPU
		{CFC0613F-B6EF-4B83-BB31-582AE1BD7E87}.Release|x86.Build.0 = Release|Any CPU
		{BD064827-5FE2-4F98-A937-CFEA4F4A4D24}.Debug|Any CPU.ActiveCfg = Debug|Win32
		{BD064827-5FE2-4F98-A937-CFEA4F4A4D24}.Debug|x64.ActiveCfg = Debug|x64
		{BD064827-5FE2-4F98-A937-CFEA4F4A4D24}.Debug|x64.Build.0 = Debug|x64
		{BD064827-5FE2-4F98-A937-CFEA4F4A4D24}.Debug|x86.ActiveCfg = Debug|Win32
		{BD064827-5FE2-4F98-A937-CFEA4F4A4D24}.Debug|x86.Build.0 = Debug|Win32
		{BD064827-5FE2-4F98-A937-CFEA4F4A4D24}.Release|Any CPU.ActiveCfg = Release|Win32
		{BD064827-5FE2-4F98-A937-CFEA4F4A4D24}.Release|x64.ActiveCfg = Release|x64
		{BD064827-5FE2-4F98-A937-CFEA4F4A4D24}.Release|x64.Build.0 = Release|x64
		{BD064827-5FE2-4F98-A937-CFEA4F4A4D24}.Release|x86.ActiveCfg = Release|Win32
		{BD064827-5FE2-4F98-A937-CFEA4F4A4D24}.Release|x86.Build.0 = Release|Win32
		{812C6A1E-DC10-4DA9-8E36-79955E6E1273}.Debug|Any CPU.ActiveCfg = Debug|Win32
		{812C6A1E-DC10-4DA9-8E36-79955E6E1273}.Debug|x64.ActiveCfg = Debug|x64
		{812C6A1E-DC10-4DA9-8E36-79955E6E1273}.Debug|x64.Build.0 = Debug|x64
		{812C6A1E-DC10-4DA9-8E36-79955E6E1273}.Debug|x86.ActiveCfg = Debug|Win32
		{812C6A1E-DC10-4DA9-8E36-79955E6E1273}.Debug|x86.Build.0 = Debug|Win32
		{812C6A1E-DC10-4DA9-8E36-79955E6E1273}.Release|Any CPU.ActiveCfg = Release|Win32
		{812C6A1E-DC10-4DA9-8E36-79955E6E1273}.Release|x64.ActiveCfg = Release|x64
		{812C6A1E-DC10-4DA9-8E36-79955E6E1273}.Release|x64.Build.0 = Release|x64
		{812C6A1E-DC10-4DA9-8E36-79955E6E1273}.Release|x86.ActiveCfg = Release|Win32
		{812C6A1E-DC10-4DA9-8E36-79955E6E1273}.Release|x86.Build.0 = Release|Win32
		{3B6802E4-523A-4103-9332-2794B6B08537}.Debug|Any CPU.ActiveCfg = Debug|Any CPU
		{3B6802E4-523A-4103-9332-2794B6B08537}.Debug|Any CPU.Build.0 = Debug|Any CPU
		{3B6802E4-523A-4103-9332-2794B6B08537}.Debug|x64.ActiveCfg = Debug|Any CPU
		{3B6802E4-523A-4103-9332-2794B6B08537}.Debug|x64.Build.0 = Debug|Any CPU
		{3B6802E4-523A-4103-9332-2794B6B08537}.Debug|x86.ActiveCfg = Debug|Any CPU
		{3B6802E4-523A-4103-9332-2794B6B08537}.Debug|x86.Build.0 = Debug|Any CPU
		{3B6802E4-523A-4103-9332-2794B6B08537}.Release|Any CPU.ActiveCfg = Release|Any CPU
		{3B6802E4-523A-4103-9332-2794B6B08537}.Release|Any CPU.Build.0 = Release|Any CPU
		{3B6802E4-523A-4103-9332-2794B6B08537}.Release|x64.ActiveCfg = Release|Any CPU
		{3B6802E4-523A-4103-9332-2794B6B08537}.Release|x64.Build.0 = Release|Any CPU
		{3B6802E4-523A-4103-9332-2794B6B08537}.Release|x86.ActiveCfg = Release|Any CPU
		{3B6802E4-523A-4103-9332-2794B6B08537}.Release|x86.Build.0 = Release|Any CPU
	EndGlobalSection
	GlobalSection(SolutionProperties) = preSolution
		HideSolutionNode = FALSE
	EndGlobalSection
EndGlobal
